
Microsoft Visual Studio Solution File, Format Version 12.00
# Visual Studio Version 17
VisualStudioVersion = 17.3.32929.385
MinimumVisualStudioVersion = 10.0.40219.1
Project("{9A19103F-16F7-4668-BE54-9A1E7A4F7556}") = "UmulyWebProject", "UmulyWebProject\UmulyWebProject.csproj", "{13CF4446-B218-48EB-A0E8-1A1C30BEA2B4}"
EndProject
Project("{9A19103F-16F7-4668-BE54-9A1E7A4F7556}") = "WebAPI", "WebAPI\WebAPI.csproj", "{80BB4A05-CBBC-4623-894D-189609375FCC}"
EndProject
Global
	GlobalSection(SolutionConfigurationPlatforms) = preSolution
		Debug|Any CPU = Debug|Any CPU
		Release|Any CPU = Release|Any CPU
	EndGlobalSection
	GlobalSection(ProjectConfigurationPlatforms) = postSolution
		{13CF4446-B218-48EB-A0E8-1A1C30BEA2B4}.Debug|Any CPU.ActiveCfg = Debug|Any CPU
		{13CF4446-B218-48EB-A0E8-1A1C30BEA2B4}.Debug|Any CPU.Build.0 = Debug|Any CPU
		{13CF4446-B218-48EB-A0E8-1A1C30BEA2B4}.Release|Any CPU.ActiveCfg = Release|Any CPU
		{13CF4446-B218-48EB-A0E8-1A1C30BEA2B4}.Release|Any CPU.Build.0 = Release|Any CPU
		{80BB4A05-CBBC-4623-894D-189609375FCC}.Debug|Any CPU.ActiveCfg = Debug|Any CPU
		{80BB4A05-CBBC-4623-894D-189609375FCC}.Debug|Any CPU.Build.0 = Debug|Any CPU
		{80BB4A05-CBBC-4623-894D-189609375FCC}.Release|Any CPU.ActiveCfg = Release|Any CPU
		{80BB4A05-CBBC-4623-894D-189609375FCC}.Release|Any CPU.Build.0 = Release|Any CPU
	EndGlobalSection
	GlobalSection(SolutionProperties) = preSolution
		HideSolutionNode = FALSE
	EndGlobalSection
	GlobalSection(ExtensibilityGlobals) = postSolution
		SolutionGuid = {AAA3B00E-29FB-42CA-96BA-0F4C747811D8}
	EndGlobalSection
EndGlobal
